
Microsoft Visual Studio Solution File, Format Version 12.00
# Visual Studio 15
VisualStudioVersion = 15.0.35319.79
MinimumVisualStudioVersion = 10.0.40219.1
Project("{FAE04EC0-301F-11D3-BF4B-00C04F79EFBC}") = "net45.Microsoft.Extensions.Logging", "net45.Microsoft.Extensions.Logging\net45.Microsoft.Extensions.Logging.csproj", "{62A9FE89-11F8-4D68-B00A-7A8F8BDDE8B5}"
EndProject
Project("{FAE04EC0-301F-11D3-BF4B-00C04F79EFBC}") = "net45.Azure.Messaging.WebPubSub", "net45.Azure.Messaging.WebPubSub\net45.Azure.Messaging.WebPubSub.csproj", "{A25D6E9F-AAE6-4C9A-9223-9FCA5DDA7EFE}"
EndProject
Project("{FAE04EC0-301F-11D3-BF4B-00C04F79EFBC}") = "net45.Microsoft.Extensions.Hosting", "net45.Microsoft.Extensions.Hosting\net45.Microsoft.Extensions.Hosting.csproj", "{B716E0C3-E236-435D-AF87-69F7128E2E8F}"
EndProject
Project("{FAE04EC0-301F-11D3-BF4B-00C04F79EFBC}") = "net45.Microsoft.Extensions.Logging.Console", "net45.Microsoft.Extensions.Logging.Console\net45.Microsoft.Extensions.Logging.Console.csproj", "{44258361-9479-44C0-8B87-A72C4B75ECC4}"
EndProject
Project("{FAE04EC0-301F-11D3-BF4B-00C04F79EFBC}") = "net45.System.Data", "net45.System.Data\net45.System.Data.csproj", "{1B9ADF56-45E8-49F9-B302-C747C1D59E93}"
EndProject
Project("{FAE04EC0-301F-11D3-BF4B-00C04F79EFBC}") = "net45.NLog.Extensions.Logging", "net45.NLog.Extensions.Logging\net45.NLog.Extensions.Logging.csproj", "{D167EDD7-84B7-4017-A01E-D3C864EC71CB}"
EndProject
Project("{FAE04EC0-301F-11D3-BF4B-00C04F79EFBC}") = "net45.Microsoft.WindowsAzure.Storage", "net45.Microsoft.WindowsAzure.Storage\net45.Microsoft.WindowsAzure.Storage.csproj", "{8C821AA8-7F98-4B5B-8164-886C937AB6C3}"
EndProject
Global
	GlobalSection(SolutionConfigurationPlatforms) = preSolution
		Debug|Any CPU = Debug|Any CPU
		Release|Any CPU = Release|Any CPU
	EndGlobalSection
	GlobalSection(ProjectConfigurationPlatforms) = postSolution
		{62A9FE89-11F8-4D68-B00A-7A8F8BDDE8B5}.Debug|Any CPU.ActiveCfg = Debug|Any CPU
		{62A9FE89-11F8-4D68-B00A-7A8F8BDDE8B5}.Debug|Any CPU.Build.0 = Debug|Any CPU
		{62A9FE89-11F8-4D68-B00A-7A8F8BDDE8B5}.Release|Any CPU.ActiveCfg = Release|Any CPU
		{62A9FE89-11F8-4D68-B00A-7A8F8BDDE8B5}.Release|Any CPU.Build.0 = Release|Any CPU
		{A25D6E9F-AAE6-4C9A-9223-9FCA5DDA7EFE}.Debug|Any CPU.ActiveCfg = Debug|Any CPU
		{A25D6E9F-AAE6-4C9A-9223-9FCA5DDA7EFE}.Debug|Any CPU.Build.0 = Debug|Any CPU
		{A25D6E9F-AAE6-4C9A-9223-9FCA5DDA7EFE}.Release|Any CPU.ActiveCfg = Release|Any CPU
		{A25D6E9F-AAE6-4C9A-9223-9FCA5DDA7EFE}.Release|Any CPU.Build.0 = Release|Any CPU
		{B716E0C3-E236-435D-AF87-69F7128E2E8F}.Debug|Any CPU.ActiveCfg = Debug|Any CPU
		{B716E0C3-E236-435D-AF87-69F7128E2E8F}.Debug|Any CPU.Build.0 = Debug|Any CPU
		{B716E0C3-E236-435D-AF87-69F7128E2E8F}.Release|Any CPU.ActiveCfg = Release|Any CPU
		{B716E0C3-E236-435D-AF87-69F7128E2E8F}.Release|Any CPU.Build.0 = Release|Any CPU
		{44258361-9479-44C0-8B87-A72C4B75ECC4}.Debug|Any CPU.ActiveCfg = Debug|Any CPU
		{44258361-9479-44C0-8B87-A72C4B75ECC4}.Debug|Any CPU.Build.0 = Debug|Any CPU
		{44258361-9479-44C0-8B87-A72C4B75ECC4}.Release|Any CPU.ActiveCfg = Release|Any CPU
		{44258361-9479-44C0-8B87-A72C4B75ECC4}.Release|Any CPU.Build.0 = Release|Any CPU
		{1B9ADF56-45E8-49F9-B302-C747C1D59E93}.Debug|Any CPU.ActiveCfg = Debug|Any CPU
		{1B9ADF56-45E8-49F9-B302-C747C1D59E93}.Debug|Any CPU.Build.0 = Debug|Any CPU
		{1B9ADF56-45E8-49F9-B302-C747C1D59E93}.Release|Any CPU.ActiveCfg = Release|Any CPU
		{1B9ADF56-45E8-49F9-B302-C747C1D59E93}.Release|Any CPU.Build.0 = Release|Any CPU
		{D167EDD7-84B7-4017-A01E-D3C864EC71CB}.Debug|Any CPU.ActiveCfg = Debug|Any CPU
		{D167EDD7-84B7-4017-A01E-D3C864EC71CB}.Debug|Any CPU.Build.0 = Debug|Any CPU
		{D167EDD7-84B7-4017-A01E-D3C864EC71CB}.Release|Any CPU.ActiveCfg = Release|Any CPU
		{D167EDD7-84B7-4017-A01E-D3C864EC71CB}.Release|Any CPU.Build.0 = Release|Any CPU
		{8C821AA8-7F98-4B5B-8164-886C937AB6C3}.Debug|Any CPU.ActiveCfg = Debug|Any CPU
		{8C821AA8-7F98-4B5B-8164-886C937AB6C3}.Debug|Any CPU.Build.0 = Debug|Any CPU
		{8C821AA8-7F98-4B5B-8164-886C937AB6C3}.Release|Any CPU.ActiveCfg = Release|Any CPU
		{8C821AA8-7F98-4B5B-8164-886C937AB6C3}.Release|Any CPU.Build.0 = Release|Any CPU
	EndGlobalSection
	GlobalSection(SolutionProperties) = preSolution
		HideSolutionNode = FALSE
	EndGlobalSection
	GlobalSection(ExtensibilityGlobals) = postSolution
		SolutionGuid = {686D6964-3BB0-40D8-A9E6-E992C3F979EA}
	EndGlobalSection
EndGlobal
